
Microsoft Visual Studio Solution File, Format Version 12.00
# Visual Studio Version 17
VisualStudioVersion = 17.3.32901.215
MinimumVisualStudioVersion = 10.0.40219.1
Project("{FAE04EC0-301F-11D3-BF4B-00C04F79EFBC}") = "ДЗ_04.10.22", "ДЗ_04.10.22\ДЗ_04.10.22.csproj", "{218539E5-49E7-470A-9EFC-3FF13C88B966}"
EndProject
Project("{FAE04EC0-301F-11D3-BF4B-00C04F79EFBC}") = "TooMach 04.11.2022", "TooMach 04.11.2022\TooMach 04.11.2022.csproj", "{0E893793-701D-476A-9B86-A629E7152C40}"
EndProject
Global
	GlobalSection(SolutionConfigurationPlatforms) = preSolution
		Debug|Any CPU = Debug|Any CPU
		Release|Any CPU = Release|Any CPU
	EndGlobalSection
	GlobalSection(ProjectConfigurationPlatforms) = postSolution
		{218539E5-49E7-470A-9EFC-3FF13C88B966}.Debug|Any CPU.ActiveCfg = Debug|Any CPU
		{218539E5-49E7-470A-9EFC-3FF13C88B966}.Debug|Any CPU.Build.0 = Debug|Any CPU
		{218539E5-49E7-470A-9EFC-3FF13C88B966}.Release|Any CPU.ActiveCfg = Release|Any CPU
		{218539E5-49E7-470A-9EFC-3FF13C88B966}.Release|Any CPU.Build.0 = Release|Any CPU
		{0E893793-701D-476A-9B86-A629E7152C40}.Debug|Any CPU.ActiveCfg = Debug|Any CPU
		{0E893793-701D-476A-9B86-A629E7152C40}.Debug|Any CPU.Build.0 = Debug|Any CPU
		{0E893793-701D-476A-9B86-A629E7152C40}.Release|Any CPU.ActiveCfg = Release|Any CPU
		{0E893793-701D-476A-9B86-A629E7152C40}.Release|Any CPU.Build.0 = Release|Any CPU
	EndGlobalSection
	GlobalSection(SolutionProperties) = preSolution
		HideSolutionNode = FALSE
	EndGlobalSection
	GlobalSection(ExtensibilityGlobals) = postSolution
		SolutionGuid = {832314E0-B442-4742-8451-67A7AD96B5E9}
	EndGlobalSection
EndGlobal
